
Microsoft Visual Studio Solution File, Format Version 12.00
# Visual Studio 15
VisualStudioVersion = 15.0.27703.2035
MinimumVisualStudioVersion = 10.0.40219.1
Project("{FAE04EC0-301F-11D3-BF4B-00C04F79EFBC}") = "MVVM.Defaulting", "src\MVVM.Defaulting\MVVM.Defaulting.csproj", "{DCD4398C-61E4-466C-8924-C3AF8304A792}"
EndProject
Project("{FAE04EC0-301F-11D3-BF4B-00C04F79EFBC}") = "MVVM.Defaulting.Test", "test\MVVM.Defaulting.Test\MVVM.Defaulting.Test.csproj", "{8388E7A8-8B6E-41A2-AA15-A240CA5DC77A}"
EndProject
Global
	GlobalSection(SolutionConfigurationPlatforms) = preSolution
		Debug|Any CPU = Debug|Any CPU
		Release|Any CPU = Release|Any CPU
	EndGlobalSection
	GlobalSection(ProjectConfigurationPlatforms) = postSolution
		{DCD4398C-61E4-466C-8924-C3AF8304A792}.Debug|Any CPU.ActiveCfg = Debug|Any CPU
		{DCD4398C-61E4-466C-8924-C3AF8304A792}.Debug|Any CPU.Build.0 = Debug|Any CPU
		{DCD4398C-61E4-466C-8924-C3AF8304A792}.Release|Any CPU.ActiveCfg = Release|Any CPU
		{DCD4398C-61E4-466C-8924-C3AF8304A792}.Release|Any CPU.Build.0 = Release|Any CPU
		{8388E7A8-8B6E-41A2-AA15-A240CA5DC77A}.Debug|Any CPU.ActiveCfg = Debug|Any CPU
		{8388E7A8-8B6E-41A2-AA15-A240CA5DC77A}.Debug|Any CPU.Build.0 = Debug|Any CPU
		{8388E7A8-8B6E-41A2-AA15-A240CA5DC77A}.Release|Any CPU.ActiveCfg = Release|Any CPU
		{8388E7A8-8B6E-41A2-AA15-A240CA5DC77A}.Release|Any CPU.Build.0 = Release|Any CPU
	EndGlobalSection
	GlobalSection(SolutionProperties) = preSolution
		HideSolutionNode = FALSE
	EndGlobalSection
	GlobalSection(ExtensibilityGlobals) = postSolution
		SolutionGuid = {8399807A-4EB4-4B0B-8105-78760D5DC76B}
	EndGlobalSection
EndGlobal
